github.com/miekg/pkcs11 v1.1.1 h1:Ugu9pdy6vAYku5DEpVWVFPYnzV+bxB+iRdbuFSu7TvU=
github.com/miekg/pkcs11 v1.1.1/go.mod h1:XsNlhZGX73bx86s2hdc/FuaLm2CPZJemRLMA+WTFxgs=
github.com/stefanberger/go-pkcs11uri v0.0.0-20230614165346-c1cad3d2f68c h1:HxmodsFg2lqbspDblBhyR6fXOYwilB6Esnw3PJSaSCA=
github.com/stefanberger/go-pkcs11uri v0.0.0-20230614165346-c1cad3d2f68c/go.mod h1:39R/xuhNgVhi+K0/zst4TLrJrVmbm6LVgl4A0+ZFS5M=
